
Microsoft Visual Studio Solution File, Format Version 12.00
# Visual Studio 2017
Project("{FAE04EC0-301F-11D3-BF4B-00C04F79EFBC}") = "BicycleSimulator3", "BicycleSimulator3.csproj", "{6AFA7DA1-D236-9B73-5A00-ED8DEF3B1F65}"
EndProject
Project("{FAE04EC0-301F-11D3-BF4B-00C04F79EFBC}") = "Unity.TextMeshPro", "Unity.TextMeshPro.csproj", "{07A21C90-D344-AE1A-8456-9910C203B41A}"
EndProject
Project("{FAE04EC0-301F-11D3-BF4B-00C04F79EFBC}") = "BicycleSimulator3.Plugins", "BicycleSimulator3.Plugins.csproj", "{02998084-E48B-513F-6EEF-E28A096D60EC}"
EndProject
Project("{FAE04EC0-301F-11D3-BF4B-00C04F79EFBC}") = "BicycleSimulator3.Editor.Plugins", "BicycleSimulator3.Editor.Plugins.csproj", "{A7167A8C-9A5B-ACB0-49D3-12A09C17DC7B}"
EndProject
Project("{FAE04EC0-301F-11D3-BF4B-00C04F79EFBC}") = "Unity.PackageManagerUI.Editor", "Unity.PackageManagerUI.Editor.csproj", "{6877705C-FBD9-0C4F-5AFB-6FB431E5D39D}"
EndProject
Project("{FAE04EC0-301F-11D3-BF4B-00C04F79EFBC}") = "BicycleSimulator3.Editor", "BicycleSimulator3.Editor.csproj", "{2CAE8D90-FE0E-F7C9-EC36-59ED236ED371}"
EndProject
Project("{FAE04EC0-301F-11D3-BF4B-00C04F79EFBC}") = "Unity.TextMeshPro.Editor", "Unity.TextMeshPro.Editor.csproj", "{3A848AB7-9891-EDDA-D555-BF184C2F81F4}"
EndProject
Project("{FAE04EC0-301F-11D3-BF4B-00C04F79EFBC}") = "UnityEditor.StandardEvents", "UnityEditor.StandardEvents.csproj", "{6800202F-4402-D405-F8CB-03DC7BD78B92}"
EndProject
Global
	GlobalSection(SolutionConfigurationPlatforms) = preSolution
		Debug|Any CPU = Debug|Any CPU
		Release|Any CPU = Release|Any CPU
	EndGlobalSection
	GlobalSection(ProjectConfigurationPlatforms) = postSolution
		{6AFA7DA1-D236-9B73-5A00-ED8DEF3B1F65}.Debug|Any CPU.ActiveCfg = Debug|Any CPU
		{6AFA7DA1-D236-9B73-5A00-ED8DEF3B1F65}.Debug|Any CPU.Build.0 = Debug|Any CPU
		{6AFA7DA1-D236-9B73-5A00-ED8DEF3B1F65}.Release|Any CPU.ActiveCfg = Release|Any CPU
		{6AFA7DA1-D236-9B73-5A00-ED8DEF3B1F65}.Release|Any CPU.Build.0 = Release|Any CPU
		{07A21C90-D344-AE1A-8456-9910C203B41A}.Debug|Any CPU.ActiveCfg = Debug|Any CPU
		{07A21C90-D344-AE1A-8456-9910C203B41A}.Debug|Any CPU.Build.0 = Debug|Any CPU
		{07A21C90-D344-AE1A-8456-9910C203B41A}.Release|Any CPU.ActiveCfg = Release|Any CPU
		{07A21C90-D344-AE1A-8456-9910C203B41A}.Release|Any CPU.Build.0 = Release|Any CPU
		{02998084-E48B-513F-6EEF-E28A096D60EC}.Debug|Any CPU.ActiveCfg = Debug|Any CPU
		{02998084-E48B-513F-6EEF-E28A096D60EC}.Debug|Any CPU.Build.0 = Debug|Any CPU
		{02998084-E48B-513F-6EEF-E28A096D60EC}.Release|Any CPU.ActiveCfg = Release|Any CPU
		{02998084-E48B-513F-6EEF-E28A096D60EC}.Release|Any CPU.Build.0 = Release|Any CPU
		{A7167A8C-9A5B-ACB0-49D3-12A09C17DC7B}.Debug|Any CPU.ActiveCfg = Debug|Any CPU
		{A7167A8C-9A5B-ACB0-49D3-12A09C17DC7B}.Debug|Any CPU.Build.0 = Debug|Any CPU
		{A7167A8C-9A5B-ACB0-49D3-12A09C17DC7B}.Release|Any CPU.ActiveCfg = Release|Any CPU
		{A7167A8C-9A5B-ACB0-49D3-12A09C17DC7B}.Release|Any CPU.Build.0 = Release|Any CPU
		{6877705C-FBD9-0C4F-5AFB-6FB431E5D39D}.Debug|Any CPU.ActiveCfg = Debug|Any CPU
		{6877705C-FBD9-0C4F-5AFB-6FB431E5D39D}.Debug|Any CPU.Build.0 = Debug|Any CPU
		{6877705C-FBD9-0C4F-5AFB-6FB431E5D39D}.Release|Any CPU.ActiveCfg = Release|Any CPU
		{6877705C-FBD9-0C4F-5AFB-6FB431E5D39D}.Release|Any CPU.Build.0 = Release|Any CPU
		{2CAE8D90-FE0E-F7C9-EC36-59ED236ED371}.Debug|Any CPU.ActiveCfg = Debug|Any CPU
		{2CAE8D90-FE0E-F7C9-EC36-59ED236ED371}.Debug|Any CPU.Build.0 = Debug|Any CPU
		{2CAE8D90-FE0E-F7C9-EC36-59ED236ED371}.Release|Any CPU.ActiveCfg = Release|Any CPU
		{2CAE8D90-FE0E-F7C9-EC36-59ED236ED371}.Release|Any CPU.Build.0 = Release|Any CPU
		{3A848AB7-9891-EDDA-D555-BF184C2F81F4}.Debug|Any CPU.ActiveCfg = Debug|Any CPU
		{3A848AB7-9891-EDDA-D555-BF184C2F81F4}.Debug|Any CPU.Build.0 = Debug|Any CPU
		{3A848AB7-9891-EDDA-D555-BF184C2F81F4}.Release|Any CPU.ActiveCfg = Release|Any CPU
		{3A848AB7-9891-EDDA-D555-BF184C2F81F4}.Release|Any CPU.Build.0 = Release|Any CPU
		{6800202F-4402-D405-F8CB-03DC7BD78B92}.Debug|Any CPU.ActiveCfg = Debug|Any CPU
		{6800202F-4402-D405-F8CB-03DC7BD78B92}.Debug|Any CPU.Build.0 = Debug|Any CPU
		{6800202F-4402-D405-F8CB-03DC7BD78B92}.Release|Any CPU.ActiveCfg = Release|Any CPU
		{6800202F-4402-D405-F8CB-03DC7BD78B92}.Release|Any CPU.Build.0 = Release|Any CPU
	EndGlobalSection
	GlobalSection(SolutionProperties) = preSolution
		HideSolutionNode = FALSE
	EndGlobalSection
EndGlobal
